// !$*UTF8*$!
{
	archiveVersion = 1;
	classes = {
	};
	objectVersion = 56;
	objects = {

/* Begin PBXBuildFile section */
		CA28F59C2B3A83C400840456 /* CustomButtonStyle.swift in Sources */ = {isa = PBXBuildFile; fileRef = CA28F59B2B3A83C400840456 /* CustomButtonStyle.swift */; };
		CA28F59E2B3A8E3200840456 /* WelcomeView.swift in Sources */ = {isa = PBXBuildFile; fileRef = CA28F59D2B3A8E3200840456 /* WelcomeView.swift */; };
		CA3DF4C92B3AB36F008833A6 /* WelcomeTab.swift in Sources */ = {isa = PBXBuildFile; fileRef = CA3DF4C82B3AB36F008833A6 /* WelcomeTab.swift */; };
		CA3DF4CC2B3AB39C008833A6 /* CarouselPage.swift in Sources */ = {isa = PBXBuildFile; fileRef = CA3DF4CB2B3AB39C008833A6 /* CarouselPage.swift */; };
		CA3DF4CE2B3ABC29008833A6 /* PhoneVerificationView.swift in Sources */ = {isa = PBXBuildFile; fileRef = CA3DF4CD2B3ABC29008833A6 /* PhoneVerificationView.swift */; };
		CA9DC06F2B3A35A500A96DC8 /* PaperPlanesApp.swift in Sources */ = {isa = PBXBuildFile; fileRef = CA9DC06E2B3A35A500A96DC8 /* PaperPlanesApp.swift */; };
		CA9DC0712B3A35A500A96DC8 /* IntroView.swift in Sources */ = {isa = PBXBuildFile; fileRef = CA9DC0702B3A35A500A96DC8 /* IntroView.swift */; };
		CA9DC0732B3A35A700A96DC8 /* Assets.xcassets in Resources */ = {isa = PBXBuildFile; fileRef = CA9DC0722B3A35A700A96DC8 /* Assets.xcassets */; };
		CA9DC0762B3A35A700A96DC8 /* Preview Assets.xcassets in Resources */ = {isa = PBXBuildFile; fileRef = CA9DC0752B3A35A700A96DC8 /* Preview Assets.xcassets */; };
		CA9DC0802B3A35A700A96DC8 /* PaperPlanesTests.swift in Sources */ = {isa = PBXBuildFile; fileRef = CA9DC07F2B3A35A700A96DC8 /* PaperPlanesTests.swift */; };
		CA9DC08A2B3A35A700A96DC8 /* PaperPlanesUITests.swift in Sources */ = {isa = PBXBuildFile; fileRef = CA9DC0892B3A35A700A96DC8 /* PaperPlanesUITests.swift */; };
		CA9DC08C2B3A35A700A96DC8 /* PaperPlanesUITestsLaunchTests.swift in Sources */ = {isa = PBXBuildFile; fileRef = CA9DC08B2B3A35A700A96DC8 /* PaperPlanesUITestsLaunchTests.swift */; };
		CA9DC0A12B3A430500A96DC8 /* CarouselView.swift in Sources */ = {isa = PBXBuildFile; fileRef = CA9DC0A02B3A430500A96DC8 /* CarouselView.swift */; };
/* End PBXBuildFile section */

/* Begin PBXContainerItemProxy section */
		CA9DC07C2B3A35A700A96DC8 /* PBXContainerItemProxy */ = {
			isa = PBXContainerItemProxy;
			containerPortal = CA9DC0632B3A35A500A96DC8 /* Project object */;
			proxyType = 1;
			remoteGlobalIDString = CA9DC06A2B3A35A500A96DC8;
			remoteInfo = PaperPlanes;
		};
		CA9DC0862B3A35A700A96DC8 /* PBXContainerItemProxy */ = {
			isa = PBXContainerItemProxy;
			containerPortal = CA9DC0632B3A35A500A96DC8 /* Project object */;
			proxyType = 1;
			remoteGlobalIDString = CA9DC06A2B3A35A500A96DC8;
			remoteInfo = PaperPlanes;
		};
/* End PBXContainerItemProxy section */

/* Begin PBXFileReference section */
		CA28F59B2B3A83C400840456 /* CustomButtonStyle.swift */ = {isa = PBXFileReference; lastKnownFileType = sourcecode.swift; path = CustomButtonStyle.swift; sourceTree = "<group>"; };
		CA28F59D2B3A8E3200840456 /* WelcomeView.swift */ = {isa = PBXFileReference; lastKnownFileType = sourcecode.swift; path = WelcomeView.swift; sourceTree = "<group>"; };
		CA3DF4C82B3AB36F008833A6 /* WelcomeTab.swift */ = {isa = PBXFileReference; lastKnownFileType = sourcecode.swift; path = WelcomeTab.swift; sourceTree = "<group>"; };
		CA3DF4CB2B3AB39C008833A6 /* CarouselPage.swift */ = {isa = PBXFileReference; lastKnownFileType = sourcecode.swift; path = CarouselPage.swift; sourceTree = "<group>"; };
		CA3DF4CD2B3ABC29008833A6 /* PhoneVerificationView.swift */ = {isa = PBXFileReference; lastKnownFileType = sourcecode.swift; path = PhoneVerificationView.swift; sourceTree = "<group>"; };
		CA9DC06B2B3A35A500A96DC8 /* PaperPlanes.app */ = {isa = PBXFileReference; explicitFileType = wrapper.application; includeInIndex = 0; path = PaperPlanes.app; sourceTree = BUILT_PRODUCTS_DIR; };
		CA9DC06E2B3A35A500A96DC8 /* PaperPlanesApp.swift */ = {isa = PBXFileReference; lastKnownFileType = sourcecode.swift; path = PaperPlanesApp.swift; sourceTree = "<group>"; };
		CA9DC0702B3A35A500A96DC8 /* IntroView.swift */ = {isa = PBXFileReference; lastKnownFileType = sourcecode.swift; path = IntroView.swift; sourceTree = "<group>"; };
		CA9DC0722B3A35A700A96DC8 /* Assets.xcassets */ = {isa = PBXFileReference; lastKnownFileType = folder.assetcatalog; path = Assets.xcassets; sourceTree = "<group>"; };
		CA9DC0752B3A35A700A96DC8 /* Preview Assets.xcassets */ = {isa = PBXFileReference; lastKnownFileType = folder.assetcatalog; path = "Preview Assets.xcassets"; sourceTree = "<group>"; };
		CA9DC07B2B3A35A700A96DC8 /* PaperPlanesTests.xctest */ = {isa = PBXFileReference; explicitFileType = wrapper.cfbundle; includeInIndex = 0; path = PaperPlanesTests.xctest; sourceTree = BUILT_PRODUCTS_DIR; };
		CA9DC07F2B3A35A700A96DC8 /* PaperPlanesTests.swift */ = {isa = PBXFileReference; lastKnownFileType = sourcecode.swift; path = PaperPlanesTests.swift; sourceTree = "<group>"; };
		CA9DC0852B3A35A700A96DC8 /* PaperPlanesUITests.xctest */ = {isa = PBXFileReference; explicitFileType = wrapper.cfbundle; includeInIndex = 0; path = PaperPlanesUITests.xctest; sourceTree = BUILT_PRODUCTS_DIR; };
		CA9DC0892B3A35A700A96DC8 /* PaperPlanesUITests.swift */ = {isa = PBXFileReference; lastKnownFileType = sourcecode.swift; path = PaperPlanesUITests.swift; sourceTree = "<group>"; };
		CA9DC08B2B3A35A700A96DC8 /* PaperPlanesUITestsLaunchTests.swift */ = {isa = PBXFileReference; lastKnownFileType = sourcecode.swift; path = PaperPlanesUITestsLaunchTests.swift; sourceTree = "<group>"; };
		CA9DC0982B3A378F00A96DC8 /* Info.plist */ = {isa = PBXFileReference; lastKnownFileType = text.plist; path = Info.plist; sourceTree = "<group>"; };
		CA9DC0A02B3A430500A96DC8 /* CarouselView.swift */ = {isa = PBXFileReference; lastKnownFileType = sourcecode.swift; path = CarouselView.swift; sourceTree = "<group>"; };
/* End PBXFileReference section */

/* Begin PBXFrameworksBuildPhase section */
		CA9DC0682B3A35A500A96DC8 /* Frameworks */ = {
			isa = PBXFrameworksBuildPhase;
			buildActionMask = 2147483647;
			files = (
			);
			runOnlyForDeploymentPostprocessing = 0;
		};
		CA9DC0782B3A35A700A96DC8 /* Frameworks */ = {
			isa = PBXFrameworksBuildPhase;
			buildActionMask = 2147483647;
			files = (
			);
			runOnlyForDeploymentPostprocessing = 0;
		};
		CA9DC0822B3A35A700A96DC8 /* Frameworks */ = {
			isa = PBXFrameworksBuildPhase;
			buildActionMask = 2147483647;
			files = (
			);
			runOnlyForDeploymentPostprocessing = 0;
		};
/* End PBXFrameworksBuildPhase section */

/* Begin PBXGroup section */
		CA3DF4CA2B3AB38C008833A6 /* Models */ = {
			isa = PBXGroup;
			children = (
				CA3DF4C82B3AB36F008833A6 /* WelcomeTab.swift */,
				CA3DF4CB2B3AB39C008833A6 /* CarouselPage.swift */,
			);
			path = Models;
			sourceTree = "<group>";
		};
		CA9DC0622B3A35A500A96DC8 = {
			isa = PBXGroup;
			children = (
				CA9DC06D2B3A35A500A96DC8 /* PaperPlanes */,
				CA9DC07E2B3A35A700A96DC8 /* PaperPlanesTests */,
				CA9DC0882B3A35A700A96DC8 /* PaperPlanesUITests */,
				CA9DC06C2B3A35A500A96DC8 /* Products */,
			);
			sourceTree = "<group>";
		};
		CA9DC06C2B3A35A500A96DC8 /* Products */ = {
			isa = PBXGroup;
			children = (
				CA9DC06B2B3A35A500A96DC8 /* PaperPlanes.app */,
				CA9DC07B2B3A35A700A96DC8 /* PaperPlanesTests.xctest */,
				CA9DC0852B3A35A700A96DC8 /* PaperPlanesUITests.xctest */,
			);
			name = Products;
			sourceTree = "<group>";
		};
		CA9DC06D2B3A35A500A96DC8 /* PaperPlanes */ = {
			isa = PBXGroup;
			children = (
				CA9DC0992B3A3E1200A96DC8 /* Views */,
				CA9DC0982B3A378F00A96DC8 /* Info.plist */,
				CA9DC06E2B3A35A500A96DC8 /* PaperPlanesApp.swift */,
				CA9DC0722B3A35A700A96DC8 /* Assets.xcassets */,
				CA9DC0742B3A35A700A96DC8 /* Preview Content */,
			);
			path = PaperPlanes;
			sourceTree = "<group>";
		};
		CA9DC0742B3A35A700A96DC8 /* Preview Content */ = {
			isa = PBXGroup;
			children = (
				CA9DC0752B3A35A700A96DC8 /* Preview Assets.xcassets */,
			);
			path = "Preview Content";
			sourceTree = "<group>";
		};
		CA9DC07E2B3A35A700A96DC8 /* PaperPlanesTests */ = {
			isa = PBXGroup;
			children = (
				CA9DC07F2B3A35A700A96DC8 /* PaperPlanesTests.swift */,
			);
			path = PaperPlanesTests;
			sourceTree = "<group>";
		};
		CA9DC0882B3A35A700A96DC8 /* PaperPlanesUITests */ = {
			isa = PBXGroup;
			children = (
				CA9DC0892B3A35A700A96DC8 /* PaperPlanesUITests.swift */,
				CA9DC08B2B3A35A700A96DC8 /* PaperPlanesUITestsLaunchTests.swift */,
			);
			path = PaperPlanesUITests;
			sourceTree = "<group>";
		};
		CA9DC0992B3A3E1200A96DC8 /* Views */ = {
			isa = PBXGroup;
			children = (
				CA9DC09A2B3A3E1D00A96DC8 /* Onboarding */,
			);
			path = Views;
			sourceTree = "<group>";
		};
		CA9DC09A2B3A3E1D00A96DC8 /* Onboarding */ = {
			isa = PBXGroup;
			children = (
				CA3DF4CA2B3AB38C008833A6 /* Models */,
				CA9DC09D2B3A3E4800A96DC8 /* ViewModel */,
				CA9DC09C2B3A3E3E00A96DC8 /* View */,
			);
			path = Onboarding;
			sourceTree = "<group>";
		};
		CA9DC09C2B3A3E3E00A96DC8 /* View */ = {
			isa = PBXGroup;
			children = (
				CA9DC0702B3A35A500A96DC8 /* IntroView.swift */,
				CA9DC0A02B3A430500A96DC8 /* CarouselView.swift */,
				CA28F59B2B3A83C400840456 /* CustomButtonStyle.swift */,
				CA28F59D2B3A8E3200840456 /* WelcomeView.swift */,
				CA3DF4CD2B3ABC29008833A6 /* PhoneVerificationView.swift */,
			);
			path = View;
			sourceTree = "<group>";
		};
		CA9DC09D2B3A3E4800A96DC8 /* ViewModel */ = {
			isa = PBXGroup;
			children = (
			);
			path = ViewModel;
			sourceTree = "<group>";
		};
/* End PBXGroup section */

/* Begin PBXNativeTarget section */
		CA9DC06A2B3A35A500A96DC8 /* PaperPlanes */ = {
			isa = PBXNativeTarget;
			buildConfigurationList = CA9DC08F2B3A35A700A96DC8 /* Build configuration list for PBXNativeTarget "PaperPlanes" */;
			buildPhases = (
				CA9DC0672B3A35A500A96DC8 /* Sources */,
				CA9DC0682B3A35A500A96DC8 /* Frameworks */,
				CA9DC0692B3A35A500A96DC8 /* Resources */,
			);
			buildRules = (
			);
			dependencies = (
			);
			name = PaperPlanes;
			productName = PaperPlanes;
			productReference = CA9DC06B2B3A35A500A96DC8 /* PaperPlanes.app */;
			productType = "com.apple.product-type.application";
		};
		CA9DC07A2B3A35A700A96DC8 /* PaperPlanesTests */ = {
			isa = PBXNativeTarget;
			buildConfigurationList = CA9DC0922B3A35A700A96DC8 /* Build configuration list for PBXNativeTarget "PaperPlanesTests" */;
			buildPhases = (
				CA9DC0772B3A35A700A96DC8 /* Sources */,
				CA9DC0782B3A35A700A96DC8 /* Frameworks */,
				CA9DC0792B3A35A700A96DC8 /* Resources */,
			);
			buildRules = (
			);
			dependencies = (
				CA9DC07D2B3A35A700A96DC8 /* PBXTargetDependency */,
			);
			name = PaperPlanesTests;
			productName = PaperPlanesTests;
			productReference = CA9DC07B2B3A35A700A96DC8 /* PaperPlanesTests.xctest */;
			productType = "com.apple.product-type.bundle.unit-test";
		};
		CA9DC0842B3A35A700A96DC8 /* PaperPlanesUITests */ = {
			isa = PBXNativeTarget;
			buildConfigurationList = CA9DC0952B3A35A700A96DC8 /* Build configuration list for PBXNativeTarget "PaperPlanesUITests" */;
			buildPhases = (
				CA9DC0812B3A35A700A96DC8 /* Sources */,
				CA9DC0822B3A35A700A96DC8 /* Frameworks */,
				CA9DC0832B3A35A700A96DC8 /* Resources */,
			);
			buildRules = (
			);
			dependencies = (
				CA9DC0872B3A35A700A96DC8 /* PBXTargetDependency */,
			);
			name = PaperPlanesUITests;
			productName = PaperPlanesUITests;
			productReference = CA9DC0852B3A35A700A96DC8 /* PaperPlanesUITests.xctest */;
			productType = "com.apple.product-type.bundle.ui-testing";
		};
/* End PBXNativeTarget section */

/* Begin PBXProject section */
		CA9DC0632B3A35A500A96DC8 /* Project object */ = {
			isa = PBXProject;
			attributes = {
				BuildIndependentTargetsInParallel = 1;
				LastSwiftUpdateCheck = 1420;
				LastUpgradeCheck = 1420;
				TargetAttributes = {
					CA9DC06A2B3A35A500A96DC8 = {
						CreatedOnToolsVersion = 14.2;
					};
					CA9DC07A2B3A35A700A96DC8 = {
						CreatedOnToolsVersion = 14.2;
						TestTargetID = CA9DC06A2B3A35A500A96DC8;
					};
					CA9DC0842B3A35A700A96DC8 = {
						CreatedOnToolsVersion = 14.2;
						TestTargetID = CA9DC06A2B3A35A500A96DC8;
					};
				};
			};
			buildConfigurationList = CA9DC0662B3A35A500A96DC8 /* Build configuration list for PBXProject "PaperPlanes" */;
			compatibilityVersion = "Xcode 14.0";
			developmentRegion = en;
			hasScannedForEncodings = 0;
			knownRegions = (
				en,
				Base,
			);
			mainGroup = CA9DC0622B3A35A500A96DC8;
			productRefGroup = CA9DC06C2B3A35A500A96DC8 /* Products */;
			projectDirPath = "";
			projectRoot = "";
			targets = (
				CA9DC06A2B3A35A500A96DC8 /* PaperPlanes */,
				CA9DC07A2B3A35A700A96DC8 /* PaperPlanesTests */,
				CA9DC0842B3A35A700A96DC8 /* PaperPlanesUITests */,
			);
		};
/* End PBXProject section */

/* Begin PBXResourcesBuildPhase section */
		CA9DC0692B3A35A500A96DC8 /* Resources */ = {
			isa = PBXResourcesBuildPhase;
			buildActionMask = 2147483647;
			files = (
				CA9DC0762B3A35A700A96DC8 /* Preview Assets.xcassets in Resources */,
				CA9DC0732B3A35A700A96DC8 /* Assets.xcassets in Resources */,
			);
			runOnlyForDeploymentPostprocessing = 0;
		};
		CA9DC0792B3A35A700A96DC8 /* Resources */ = {
			isa = PBXResourcesBuildPhase;
			buildActionMask = 2147483647;
			files = (
			);
			runOnlyForDeploymentPostprocessing = 0;
		};
		CA9DC0832B3A35A700A96DC8 /* Resources */ = {
			isa = PBXResourcesBuildPhase;
			buildActionMask = 2147483647;
			files = (
			);
			runOnlyForDeploymentPostprocessing = 0;
		};
/* End PBXResourcesBuildPhase section */

/* Begin PBXSourcesBuildPhase section */
		CA9DC0672B3A35A500A96DC8 /* Sources */ = {
			isa = PBXSourcesBuildPhase;
			buildActionMask = 2147483647;
			files = (
				CA28F59E2B3A8E3200840456 /* WelcomeView.swift in Sources */,
				CA3DF4C92B3AB36F008833A6 /* WelcomeTab.swift in Sources */,
				CA3DF4CC2B3AB39C008833A6 /* CarouselPage.swift in Sources */,
				CA9DC0712B3A35A500A96DC8 /* IntroView.swift in Sources */,
				CA28F59C2B3A83C400840456 /* CustomButtonStyle.swift in Sources */,
				CA9DC0A12B3A430500A96DC8 /* CarouselView.swift in Sources */,
				CA3DF4CE2B3ABC29008833A6 /* PhoneVerificationView.swift in Sources */,
				CA9DC06F2B3A35A500A96DC8 /* PaperPlanesApp.swift in Sources */,
			);
			runOnlyForDeploymentPostprocessing = 0;
		};
		CA9DC0772B3A35A700A96DC8 /* Sources */ = {
			isa = PBXSourcesBuildPhase;
			buildActionMask = 2147483647;
			files = (
				CA9DC0802B3A35A700A96DC8 /* PaperPlanesTests.swift in Sources */,
			);
			runOnlyForDeploymentPostprocessing = 0;
		};
		CA9DC0812B3A35A700A96DC8 /* Sources */ = {
			isa = PBXSourcesBuildPhase;
			buildActionMask = 2147483647;
			files = (
				CA9DC08C2B3A35A700A96DC8 /* PaperPlanesUITestsLaunchTests.swift in Sources */,
				CA9DC08A2B3A35A700A96DC8 /* PaperPlanesUITests.swift in Sources */,
			);
			runOnlyForDeploymentPostprocessing = 0;
		};
/* End PBXSourcesBuildPhase section */

/* Begin PBXTargetDependency section */
		CA9DC07D2B3A35A700A96DC8 /* PBXTargetDependency */ = {
			isa = PBXTargetDependency;
			target = CA9DC06A2B3A35A500A96DC8 /* PaperPlanes */;
			targetProxy = CA9DC07C2B3A35A700A96DC8 /* PBXContainerItemProxy */;
		};
		CA9DC0872B3A35A700A96DC8 /* PBXTargetDependency */ = {
			isa = PBXTargetDependency;
			target = CA9DC06A2B3A35A500A96DC8 /* PaperPlanes */;
			targetProxy = CA9DC0862B3A35A700A96DC8 /* PBXContainerItemProxy */;
		};
/* End PBXTargetDependency section */

/* Begin XCBuildConfiguration section */
		CA9DC08D2B3A35A700A96DC8 /* Debug */ = {
			isa = XCBuildConfiguration;
			buildSettings = {
				ALWAYS_SEARCH_USER_PATHS = NO;
				CLANG_ANALYZER_NONNULL = YES;
				CLANG_ANALYZER_NUMBER_OBJECT_CONVERSION = YES_AGGRESSIVE;
				CLANG_CXX_LANGUAGE_STANDARD = "gnu++20";
				CLANG_ENABLE_MODULES = YES;
				CLANG_ENABLE_OBJC_ARC = YES;
				CLANG_ENABLE_OBJC_WEAK = YES;
				CLANG_WARN_BLOCK_CAPTURE_AUTORELEASING = YES;
				CLANG_WARN_BOOL_CONVERSION = YES;
				CLANG_WARN_COMMA = YES;
				CLANG_WARN_CONSTANT_CONVERSION = YES;
				CLANG_WARN_DEPRECATED_OBJC_IMPLEMENTATIONS = YES;
				CLANG_WARN_DIRECT_OBJC_ISA_USAGE = YES_ERROR;
				CLANG_WARN_DOCUMENTATION_COMMENTS = YES;
				CLANG_WARN_EMPTY_BODY = YES;
				CLANG_WARN_ENUM_CONVERSION = YES;
				CLANG_WARN_INFINITE_RECURSION = YES;
				CLANG_WARN_INT_CONVERSION = YES;
				CLANG_WARN_NON_LITERAL_NULL_CONVERSION = YES;
				CLANG_WARN_OBJC_IMPLICIT_RETAIN_SELF = YES;
				CLANG_WARN_OBJC_LITERAL_CONVERSION = YES;
				CLANG_WARN_OBJC_ROOT_CLASS = YES_ERROR;
				CLANG_WARN_QUOTED_INCLUDE_IN_FRAMEWORK_HEADER = YES;
				CLANG_WARN_RANGE_LOOP_ANALYSIS = YES;
				CLANG_WARN_STRICT_PROTOTYPES = YES;
				CLANG_WARN_SUSPICIOUS_MOVE = YES;
				CLANG_WARN_UNGUARDED_AVAILABILITY = YES_AGGRESSIVE;
				CLANG_WARN_UNREACHABLE_CODE = YES;
				CLANG_WARN__DUPLICATE_METHOD_MATCH = YES;
				COPY_PHASE_STRIP = NO;
				DEBUG_INFORMATION_FORMAT = dwarf;
				ENABLE_STRICT_OBJC_MSGSEND = YES;
				ENABLE_TESTABILITY = YES;
				GCC_C_LANGUAGE_STANDARD = gnu11;
				GCC_DYNAMIC_NO_PIC = NO;
				GCC_NO_COMMON_BLOCKS = YES;
				GCC_OPTIMIZATION_LEVEL = 0;
				GCC_PREPROCESSOR_DEFINITIONS = (
					"DEBUG=1",
					"$(inherited)",
				);
				GCC_WARN_64_TO_32_BIT_CONVERSION = YES;
				GCC_WARN_ABOUT_RETURN_TYPE = YES_ERROR;
				GCC_WARN_UNDECLARED_SELECTOR = YES;
				GCC_WARN_UNINITIALIZED_AUTOS = YES_AGGRESSIVE;
				GCC_WARN_UNUSED_FUNCTION = YES;
				GCC_WARN_UNUSED_VARIABLE = YES;
				IPHONEOS_DEPLOYMENT_TARGET = 16.2;
				MTL_ENABLE_DEBUG_INFO = INCLUDE_SOURCE;
				MTL_FAST_MATH = YES;
				ONLY_ACTIVE_ARCH = YES;
				SDKROOT = iphoneos;
				SWIFT_ACTIVE_COMPILATION_CONDITIONS = DEBUG;
				SWIFT_OPTIMIZATION_LEVEL = "-Onone";
			};
			name = Debug;
		};
		CA9DC08E2B3A35A700A96DC8 /* Release */ = {
			isa = XCBuildConfiguration;
			buildSettings = {
				ALWAYS_SEARCH_USER_PATHS = NO;
				CLANG_ANALYZER_NONNULL = YES;
				CLANG_ANALYZER_NUMBER_OBJECT_CONVERSION = YES_AGGRESSIVE;
				CLANG_CXX_LANGUAGE_STANDARD = "gnu++20";
				CLANG_ENABLE_MODULES = YES;
				CLANG_ENABLE_OBJC_ARC = YES;
				CLANG_ENABLE_OBJC_WEAK = YES;
				CLANG_WARN_BLOCK_CAPTURE_AUTORELEASING = YES;
				CLANG_WARN_BOOL_CONVERSION = YES;
				CLANG_WARN_COMMA = YES;
				CLANG_WARN_CONSTANT_CONVERSION = YES;
				CLANG_WARN_DEPRECATED_OBJC_IMPLEMENTATIONS = YES;
				CLANG_WARN_DIRECT_OBJC_ISA_USAGE = YES_ERROR;
				CLANG_WARN_DOCUMENTATION_COMMENTS = YES;
				CLANG_WARN_EMPTY_BODY = YES;
				CLANG_WARN_ENUM_CONVERSION = YES;
				CLANG_WARN_INFINITE_RECURSION = YES;
				CLANG_WARN_INT_CONVERSION = YES;
				CLANG_WARN_NON_LITERAL_NULL_CONVERSION = YES;
				CLANG_WARN_OBJC_IMPLICIT_RETAIN_SELF = YES;
				CLANG_WARN_OBJC_LITERAL_CONVERSION = YES;
				CLANG_WARN_OBJC_ROOT_CLASS = YES_ERROR;
				CLANG_WARN_QUOTED_INCLUDE_IN_FRAMEWORK_HEADER = YES;
				CLANG_WARN_RANGE_LOOP_ANALYSIS = YES;
				CLANG_WARN_STRICT_PROTOTYPES = YES;
				CLANG_WARN_SUSPICIOUS_MOVE = YES;
				CLANG_WARN_UNGUARDED_AVAILABILITY = YES_AGGRESSIVE;
				CLANG_WARN_UNREACHABLE_CODE = YES;
				CLANG_WARN__DUPLICATE_METHOD_MATCH = YES;
				COPY_PHASE_STRIP = NO;
				DEBUG_INFORMATION_FORMAT = "dwarf-with-dsym";
				ENABLE_NS_ASSERTIONS = NO;
				ENABLE_STRICT_OBJC_MSGSEND = YES;
				GCC_C_LANGUAGE_STANDARD = gnu11;
				GCC_NO_COMMON_BLOCKS = YES;
				GCC_WARN_64_TO_32_BIT_CONVERSION = YES;
				GCC_WARN_ABOUT_RETURN_TYPE = YES_ERROR;
				GCC_WARN_UNDECLARED_SELECTOR = YES;
				GCC_WARN_UNINITIALIZED_AUTOS = YES_AGGRESSIVE;
				GCC_WARN_UNUSED_FUNCTION = YES;
				GCC_WARN_UNUSED_VARIABLE = YES;
				IPHONEOS_DEPLOYMENT_TARGET = 16.2;
				MTL_ENABLE_DEBUG_INFO = NO;
				MTL_FAST_MATH = YES;
				SDKROOT = iphoneos;
				SWIFT_COMPILATION_MODE = wholemodule;
				SWIFT_OPTIMIZATION_LEVEL = "-O";
				VALIDATE_PRODUCT = YES;
			};
			name = Release;
		};
		CA9DC0902B3A35A700A96DC8 /* Debug */ = {
			isa = XCBuildConfiguration;
			buildSettings = {
				ASSETCATALOG_COMPILER_APPICON_NAME = AppIcon;
				ASSETCATALOG_COMPILER_GLOBAL_ACCENT_COLOR_NAME = AccentColor;
				CODE_SIGN_STYLE = Automatic;
				CURRENT_PROJECT_VERSION = 1;
				DEVELOPMENT_ASSET_PATHS = "\"PaperPlanes/Preview Content\"";
				DEVELOPMENT_TEAM = XTPBJXDPKX;
				ENABLE_PREVIEWS = YES;
				GENERATE_INFOPLIST_FILE = YES;
				INFOPLIST_FILE = PaperPlanes/Info.plist;
				INFOPLIST_KEY_UIApplicationSceneManifest_Generation = YES;
				INFOPLIST_KEY_UIApplicationSupportsIndirectInputEvents = YES;
				INFOPLIST_KEY_UISupportedInterfaceOrientations_iPad = "UIInterfaceOrientationPortrait UIInterfaceOrientationPortraitUpsideDown UIInterfaceOrientationLandscapeLeft UIInterfaceOrientationLandscapeRight";
				INFOPLIST_KEY_UISupportedInterfaceOrientations_iPhone = "UIInterfaceOrientationPortrait UIInterfaceOrientationLandscapeLeft UIInterfaceOrientationLandscapeRight";
				LD_RUNPATH_SEARCH_PATHS = (
					"$(inherited)",
					"@executable_path/Frameworks",
				);
				MARKETING_VERSION = 1.0;
				PRODUCT_BUNDLE_IDENTIFIER = com.paigethompson150.PaperPlanes;
				PRODUCT_NAME = "$(TARGET_NAME)";
				SWIFT_EMIT_LOC_STRINGS = YES;
				SWIFT_VERSION = 5.0;
				TARGETED_DEVICE_FAMILY = "1,2";
			};
			name = Debug;
		};
		CA9DC0912B3A35A700A96DC8 /* Release */ = {
			isa = XCBuildConfiguration;
			buildSettings = {
				ASSETCATALOG_COMPILER_APPICON_NAME = AppIcon;
				ASSETCATALOG_COMPILER_GLOBAL_ACCENT_COLOR_NAME = AccentColor;
				CODE_SIGN_STYLE = Automatic;
				CURRENT_PROJECT_VERSION = 1;
				DEVELOPMENT_ASSET_PATHS = "\"PaperPlanes/Preview Content\"";
				DEVELOPMENT_TEAM = XTPBJXDPKX;
				ENABLE_PREVIEWS = YES;
				GENERATE_INFOPLIST_FILE = YES;
				INFOPLIST_FILE = PaperPlanes/Info.plist;
				INFOPLIST_KEY_UIApplicationSceneManifest_Generation = YES;
				INFOPLIST_KEY_UIApplicationSupportsIndirectInputEvents = YES;
				INFOPLIST_KEY_UISupportedInterfaceOrientations_iPad = "UIInterfaceOrientationPortrait UIInterfaceOrientationPortraitUpsideDown UIInterfaceOrientationLandscapeLeft UIInterfaceOrientationLandscapeRight";
				INFOPLIST_KEY_UISupportedInterfaceOrientations_iPhone = "UIInterfaceOrientationPortrait UIInterfaceOrientationLandscapeLeft UIInterfaceOrientationLandscapeRight";
				LD_RUNPATH_SEARCH_PATHS = (
					"$(inherited)",
					"@executable_path/Frameworks",
				);
				MARKETING_VERSION = 1.0;
				PRODUCT_BUNDLE_IDENTIFIER = com.paigethompson150.PaperPlanes;
				PRODUCT_NAME = "$(TARGET_NAME)";
				SWIFT_EMIT_LOC_STRINGS = YES;
				SWIFT_VERSION = 5.0;
				TARGETED_DEVICE_FAMILY = "1,2";
			};
			name = Release;
		};
		CA9DC0932B3A35A700A96DC8 /* Debug */ = {
			isa = XCBuildConfiguration;
			buildSettings = {
				ALWAYS_EMBED_SWIFT_STANDARD_LIBRARIES = YES;
				BUNDLE_LOADER = "$(TEST_HOST)";
				CODE_SIGN_STYLE = Automatic;
				CURRENT_PROJECT_VERSION = 1;
				DEVELOPMENT_TEAM = XTPBJXDPKX;
				GENERATE_INFOPLIST_FILE = YES;
				IPHONEOS_DEPLOYMENT_TARGET = 16.2;
				MARKETING_VERSION = 1.0;
				PRODUCT_BUNDLE_IDENTIFIER = com.paigethompson150.PaperPlanesTests;
				PRODUCT_NAME = "$(TARGET_NAME)";
				SWIFT_EMIT_LOC_STRINGS = NO;
				SWIFT_VERSION = 5.0;
				TARGETED_DEVICE_FAMILY = "1,2";
				TEST_HOST = "$(BUILT_PRODUCTS_DIR)/PaperPlanes.app/$(BUNDLE_EXECUTABLE_FOLDER_PATH)/PaperPlanes";
			};
			name = Debug;
		};
		CA9DC0942B3A35A700A96DC8 /* Release */ = {
			isa = XCBuildConfiguration;
			buildSettings = {
				ALWAYS_EMBED_SWIFT_STANDARD_LIBRARIES = YES;
				BUNDLE_LOADER = "$(TEST_HOST)";
				CODE_SIGN_STYLE = Automatic;
				CURRENT_PROJECT_VERSION = 1;
				DEVELOPMENT_TEAM = XTPBJXDPKX;
				GENERATE_INFOPLIST_FILE = YES;
				IPHONEOS_DEPLOYMENT_TARGET = 16.2;
				MARKETING_VERSION = 1.0;
				PRODUCT_BUNDLE_IDENTIFIER = com.paigethompson150.PaperPlanesTests;
				PRODUCT_NAME = "$(TARGET_NAME)";
				SWIFT_EMIT_LOC_STRINGS = NO;
				SWIFT_VERSION = 5.0;
				TARGETED_DEVICE_FAMILY = "1,2";
				TEST_HOST = "$(BUILT_PRODUCTS_DIR)/PaperPlanes.app/$(BUNDLE_EXECUTABLE_FOLDER_PATH)/PaperPlanes";
			};
			name = Release;
		};
		CA9DC0962B3A35A700A96DC8 /* Debug */ = {
			isa = XCBuildConfiguration;
			buildSettings = {
				ALWAYS_EMBED_SWIFT_STANDARD_LIBRARIES = YES;
				CODE_SIGN_STYLE = Automatic;
				CURRENT_PROJECT_VERSION = 1;
				DEVELOPMENT_TEAM = XTPBJXDPKX;
				GENERATE_INFOPLIST_FILE = YES;
				MARKETING_VERSION = 1.0;
				PRODUCT_BUNDLE_IDENTIFIER = com.paigethompson150.PaperPlanesUITests;
				PRODUCT_NAME = "$(TARGET_NAME)";
				SWIFT_EMIT_LOC_STRINGS = NO;
				SWIFT_VERSION = 5.0;
				TARGETED_DEVICE_FAMILY = "1,2";
				TEST_TARGET_NAME = PaperPlanes;
			};
			name = Debug;
		};
		CA9DC0972B3A35A700A96DC8 /* Release */ = {
			isa = XCBuildConfiguration;
			buildSettings = {
				ALWAYS_EMBED_SWIFT_STANDARD_LIBRARIES = YES;
				CODE_SIGN_STYLE = Automatic;
				CURRENT_PROJECT_VERSION = 1;
				DEVELOPMENT_TEAM = XTPBJXDPKX;
				GENERATE_INFOPLIST_FILE = YES;
				MARKETING_VERSION = 1.0;
				PRODUCT_BUNDLE_IDENTIFIER = com.paigethompson150.PaperPlanesUITests;
				PRODUCT_NAME = "$(TARGET_NAME)";
				SWIFT_EMIT_LOC_STRINGS = NO;
				SWIFT_VERSION = 5.0;
				TARGETED_DEVICE_FAMILY = "1,2";
				TEST_TARGET_NAME = PaperPlanes;
			};
			name = Release;
		};
/* End XCBuildConfiguration section */

/* Begin XCConfigurationList section */
		CA9DC0662B3A35A500A96DC8 /* Build configuration list for PBXProject "PaperPlanes" */ = {
			isa = XCConfigurationList;
			buildConfigurations = (
				CA9DC08D2B3A35A700A96DC8 /* Debug */,
				CA9DC08E2B3A35A700A96DC8 /* Release */,
			);
			defaultConfigurationIsVisible = 0;
			defaultConfigurationName = Release;
		};
		CA9DC08F2B3A35A700A96DC8 /* Build configuration list for PBXNativeTarget "PaperPlanes" */ = {
			isa = XCConfigurationList;
			buildConfigurations = (
				CA9DC0902B3A35A700A96DC8 /* Debug */,
				CA9DC0912B3A35A700A96DC8 /* Release */,
			);
			defaultConfigurationIsVisible = 0;
			defaultConfigurationName = Release;
		};
		CA9DC0922B3A35A700A96DC8 /* Build configuration list for PBXNativeTarget "PaperPlanesTests" */ = {
			isa = XCConfigurationList;
			buildConfigurations = (
				CA9DC0932B3A35A700A96DC8 /* Debug */,
				CA9DC0942B3A35A700A96DC8 /* Release */,
			);
			defaultConfigurationIsVisible = 0;
			defaultConfigurationName = Release;
		};
		CA9DC0952B3A35A700A96DC8 /* Build configuration list for PBXNativeTarget "PaperPlanesUITests" */ = {
			isa = XCConfigurationList;
			buildConfigurations = (
				CA9DC0962B3A35A700A96DC8 /* Debug */,
				CA9DC0972B3A35A700A96DC8 /* Release */,
			);
			defaultConfigurationIsVisible = 0;
			defaultConfigurationName = Release;
		};
/* End XCConfigurationList section */
	};
	rootObject = CA9DC0632B3A35A500A96DC8 /* Project object */;
}
